<?xml version="1.0" encoding="utf-8"?>
<Project ToolsVersion="4.0" xmlns="http://schemas.microsoft.com/developer/msbuild/2003">
  <ItemGroup>
    <ClCompile Include="main.cpp" />
    <ClCompile Include="src\DownloadManager.cpp">
      <Filter>Sorgenti</Filter>
    </ClCompile>
    <ClCompile Include="src\TeamspeakBadgesViewer.cpp">
      <Filter>Sorgenti</Filter>
    </ClCompile>
    <ClCompile Include="src\InfoDialog.cpp">
      <Filter>Source Files</Filter>
    </ClCompile>
  </ItemGroup>
  <ItemGroup>
    <Filter Include="Sorgenti">
      <UniqueIdentifier>{8f055ed5-00f6-4e0c-bc11-ed1c6c8e1bd5}</UniqueIdentifier>
    </Filter>
    <Filter Include="Header">
      <UniqueIdentifier>{93995380-89BD-4b04-88EB-625FBE52EBFB}</UniqueIdentifier>
      <Extensions>h;hh;hpp;hxx;hm;inl;inc;xsd</Extensions>
      <ParseFiles>true</ParseFiles>
    </Filter>
    <Filter Include="ui">
      <UniqueIdentifier>{bf79fb2d-4a4e-471f-b128-accf65d569b8}</UniqueIdentifier>
    </Filter>
    <Filter Include="Source Files">
      <UniqueIdentifier>{4FC737F1-C7A5-4376-A066-2A32D752A2FF}</UniqueIdentifier>
      <Extensions>cpp;c;cc;cxx;def;odl;idl;hpj;bat;asm;asmx</Extensions>
      <ParseFiles>true</ParseFiles>
    </Filter>
    <Filter Include="Resource Files">
      <UniqueIdentifier>{D9D6E242-F8AF-46E4-B9FD-80ECBC20BA3E}</UniqueIdentifier>
      <Extensions>qrc;*</Extensions>
      <ParseFiles>false</ParseFiles>
    </Filter>
    <Filter Include="Form Files">
      <UniqueIdentifier>{99349809-55BA-4b9d-BF79-8FDBB0286EB3}</UniqueIdentifier>
      <Extensions>ui</Extensions>
      <ParseFiles>true</ParseFiles>
    </Filter>
  </ItemGroup>
  <ItemGroup>
    <QtMoc Include="src\DownloadManager.h">
      <Filter>Header</Filter>
    </QtMoc>
    <QtMoc Include="src\TeamspeakBadgesViewer.h">
      <Filter>Header</Filter>
    </QtMoc>
    <QtMoc Include="src\InfoDialog.h">
      <Filter>Header</Filter>
    </QtMoc>
  </ItemGroup>
  <ItemGroup>
    <QtUic Include="ui\InfoDialog.ui">
      <Filter>Form Files</Filter>
    </QtUic>
    <QtUic Include="ui\TeamspeakBadgesViewer.ui">
      <Filter>ui</Filter>
    </QtUic>
  </ItemGroup>
  <ItemGroup>
    <ClInclude Include="resource.h">
      <Filter>Header</Filter>
    </ClInclude>
  </ItemGroup>
  <ItemGroup>
    <ResourceCompile Include="teamspeak-badges-parser-c.rc" />
  </ItemGroup>
  <ItemGroup>
    <Image Include="resource\icon.png" />
    <Image Include="resource\icon.ico" />
  </ItemGroup>
  <ItemGroup>
    <QtRcc Include="TeamspeakBadgesViewer.qrc">
      <Filter>Resource Files</Filter>
    </QtRcc>
  </ItemGroup>
</Project>